// !$*UTF8*$!
{
	archiveVersion = 1;
	classes = {
	};
	objectVersion = 50;
	objects = {

/* Begin PBXBuildFile section */
		A0C28792250EBDF4002342FB /* AppDelegate.swift in Sources */ = {isa = PBXBuildFile; fileRef = A0C28791250EBDF4002342FB /* AppDelegate.swift */; };
		A0C28794250EBDF4002342FB /* SceneDelegate.swift in Sources */ = {isa = PBXBuildFile; fileRef = A0C28793250EBDF4002342FB /* SceneDelegate.swift */; };
		A0C28796250EBDF4002342FB /* ViewController.swift in Sources */ = {isa = PBXBuildFile; fileRef = A0C28795250EBDF4002342FB /* ViewController.swift */; };
		A0C28799250EBDF4002342FB /* Main.storyboard in Resources */ = {isa = PBXBuildFile; fileRef = A0C28797250EBDF4002342FB /* Main.storyboard */; };
		A0C2879B250EBDFB002342FB /* Assets.xcassets in Resources */ = {isa = PBXBuildFile; fileRef = A0C2879A250EBDFB002342FB /* Assets.xcassets */; };
		A0C2879E250EBDFB002342FB /* LaunchScreen.storyboard in Resources */ = {isa = PBXBuildFile; fileRef = A0C2879C250EBDFB002342FB /* LaunchScreen.storyboard */; };
/* End PBXBuildFile section */

/* Begin PBXFileReference section */
		A0C2878E250EBDF4002342FB /* K A S Leitan-COBSCCOMP191P-042.app */ = {isa = PBXFileReference; explicitFileType = wrapper.application; includeInIndex = 0; path = "K A S Leitan-COBSCCOMP191P-042.app"; sourceTree = BUILT_PRODUCTS_DIR; };
		A0C28791250EBDF4002342FB /* AppDelegate.swift */ = {isa = PBXFileReference; lastKnownFileType = sourcecode.swift; path = AppDelegate.swift; sourceTree = "<group>"; };
		A0C28793250EBDF4002342FB /* SceneDelegate.swift */ = {isa = PBXFileReference; lastKnownFileType = sourcecode.swift; path = SceneDelegate.swift; sourceTree = "<group>"; };
		A0C28795250EBDF4002342FB /* ViewController.swift */ = {isa = PBXFileReference; lastKnownFileType = sourcecode.swift; path = ViewController.swift; sourceTree = "<group>"; };
		A0C28798250EBDF4002342FB /* Base */ = {isa = PBXFileReference; lastKnownFileType = file.storyboard; name = Base; path = Base.lproj/Main.storyboard; sourceTree = "<group>"; };
		A0C2879A250EBDFB002342FB /* Assets.xcassets */ = {isa = PBXFileReference; lastKnownFileType = folder.assetcatalog; path = Assets.xcassets; sourceTree = "<group>"; };
		A0C2879D250EBDFB002342FB /* Base */ = {isa = PBXFileReference; lastKnownFileType = file.storyboard; name = Base; path = Base.lproj/LaunchScreen.storyboard; sourceTree = "<group>"; };
		A0C2879F250EBDFB002342FB /* Info.plist */ = {isa = PBXFileReference; lastKnownFileType = text.plist.xml; path = Info.plist; sourceTree = "<group>"; };
/* End PBXFileReference section */

/* Begin PBXFrameworksBuildPhase section */
		A0C2878B250EBDF4002342FB /* Frameworks */ = {
			isa = PBXFrameworksBuildPhase;
			buildActionMask = 2147483647;
			files = (
			);
			runOnlyForDeploymentPostprocessing = 0;
		};
/* End PBXFrameworksBuildPhase section */

/* Begin PBXGroup section */
		A0C28785250EBDF4002342FB = {
			isa = PBXGroup;
			children = (
				A0C28790250EBDF4002342FB /* K A S Leitan-COBSCCOMP191P-042 */,
				A0C2878F250EBDF4002342FB /* Products */,
			);
			sourceTree = "<group>";
		};
		A0C2878F250EBDF4002342FB /* Products */ = {
			isa = PBXGroup;
			children = (
				A0C2878E250EBDF4002342FB /* K A S Leitan-COBSCCOMP191P-042.app */,
			);
			name = Products;
			sourceTree = "<group>";
		};
		A0C28790250EBDF4002342FB /* K A S Leitan-COBSCCOMP191P-042 */ = {
			isa = PBXGroup;
			children = (
				A0C28791250EBDF4002342FB /* AppDelegate.swift */,
				A0C28793250EBDF4002342FB /* SceneDelegate.swift */,
				A0C28795250EBDF4002342FB /* ViewController.swift */,
				A0C28797250EBDF4002342FB /* Main.storyboard */,
				A0C2879A250EBDFB002342FB /* Assets.xcassets */,
				A0C2879C250EBDFB002342FB /* LaunchScreen.storyboard */,
				A0C2879F250EBDFB002342FB /* Info.plist */,
			);
			path = "K A S Leitan-COBSCCOMP191P-042";
			sourceTree = "<group>";
		};
/* End PBXGroup section */

/* Begin PBXNativeTarget section */
		A0C2878D250EBDF4002342FB /* K A S Leitan-COBSCCOMP191P-042 */ = {
			isa = PBXNativeTarget;
			buildConfigurationList = A0C287A2250EBDFB002342FB /* Build configuration list for PBXNativeTarget "K A S Leitan-COBSCCOMP191P-042" */;
			buildPhases = (
				A0C2878A250EBDF4002342FB /* Sources */,
				A0C2878B250EBDF4002342FB /* Frameworks */,
				A0C2878C250EBDF4002342FB /* Resources */,
			);
			buildRules = (
			);
			dependencies = (
			);
			name = "K A S Leitan-COBSCCOMP191P-042";
			productName = "K A S Leitan-COBSCCOMP191P-042";
			productReference = A0C2878E250EBDF4002342FB /* K A S Leitan-COBSCCOMP191P-042.app */;
			productType = "com.apple.product-type.application";
		};
/* End PBXNativeTarget section */

/* Begin PBXProject section */
		A0C28786250EBDF4002342FB /* Project object */ = {
			isa = PBXProject;
			attributes = {
				LastSwiftUpdateCheck = 1150;
				LastUpgradeCheck = 1150;
				ORGANIZATIONNAME = "Ayodhya Leitan";
				TargetAttributes = {
					A0C2878D250EBDF4002342FB = {
						CreatedOnToolsVersion = 11.5;
					};
				};
			};
			buildConfigurationList = A0C28789250EBDF4002342FB /* Build configuration list for PBXProject "K A S Leitan-COBSCCOMP191P-042" */;
			compatibilityVersion = "Xcode 9.3";
			developmentRegion = en;
			hasScannedForEncodings = 0;
			knownRegions = (
				en,
				Base,
			);
			mainGroup = A0C28785250EBDF4002342FB;
			productRefGroup = A0C2878F250EBDF4002342FB /* Products */;
			projectDirPath = "";
			projectRoot = "";
			targets = (
				A0C2878D250EBDF4002342FB /* K A S Leitan-COBSCCOMP191P-042 */,
			);
		};
/* End PBXProject section */

/* Begin PBXResourcesBuildPhase section */
		A0C2878C250EBDF4002342FB /* Resources */ = {
			isa = PBXResourcesBuildPhase;
			buildActionMask = 2147483647;
			files = (
				A0C2879E250EBDFB002342FB /* LaunchScreen.storyboard in Resources */,
				A0C2879B250EBDFB002342FB /* Assets.xcassets in Resources */,
				A0C28799250EBDF4002342FB /* Main.storyboard in Resources */,
			);
			runOnlyForDeploymentPostprocessing = 0;
		};
/* End PBXResourcesBuildPhase section */

/* Begin PBXSourcesBuildPhase section */
		A0C2878A250EBDF4002342FB /* Sources */ = {
			isa = PBXSourcesBuildPhase;
			buildActionMask = 2147483647;
			files = (
				A0C28796250EBDF4002342FB /* ViewController.swift in Sources */,
				A0C28792250EBDF4002342FB /* AppDelegate.swift in Sources */,
				A0C28794250EBDF4002342FB /* SceneDelegate.swift in Sources */,
			);
			runOnlyForDeploymentPostprocessing = 0;
		};
/* End PBXSourcesBuildPhase section */

/* Begin PBXVariantGroup section */
		A0C28797250EBDF4002342FB /* Main.storyboard */ = {
			isa = PBXVariantGroup;
			children = (
				A0C28798250EBDF4002342FB /* Base */,
			);
			name = Main.storyboard;
			sourceTree = "<group>";
		};
		A0C2879C250EBDFB002342FB /* LaunchScreen.storyboard */ = {
			isa = PBXVariantGroup;
			children = (
				A0C2879D250EBDFB002342FB /* Base */,
			);
			name = LaunchScreen.storyboard;
			sourceTree = "<group>";
		};
/* End PBXVariantGroup section */

/* Begin XCBuildConfiguration section */
		A0C287A0250EBDFB002342FB /* Debug */ = {
			isa = XCBuildConfiguration;
			buildSettings = {
				ALWAYS_SEARCH_USER_PATHS = NO;
				CLANG_ANALYZER_NONNULL = YES;
				CLANG_ANALYZER_NUMBER_OBJECT_CONVERSION = YES_AGGRESSIVE;
				CLANG_CXX_LANGUAGE_STANDARD = "gnu++14";
				CLANG_CXX_LIBRARY = "libc++";
				CLANG_ENABLE_MODULES = YES;
				CLANG_ENABLE_OBJC_ARC = YES;
				CLANG_ENABLE_OBJC_WEAK = YES;
				CLANG_WARN_BLOCK_CAPTURE_AUTORELEASING = YES;
				CLANG_WARN_BOOL_CONVERSION = YES;
				CLANG_WARN_COMMA = YES;
				CLANG_WARN_CONSTANT_CONVERSION = YES;
				CLANG_WARN_DEPRECATED_OBJC_IMPLEMENTATIONS = YES;
				CLANG_WARN_DIRECT_OBJC_ISA_USAGE = YES_ERROR;
				CLANG_WARN_DOCUMENTATION_COMMENTS = YES;
				CLANG_WARN_EMPTY_BODY = YES;
				CLANG_WARN_ENUM_CONVERSION = YES;
				CLANG_WARN_INFINITE_RECURSION = YES;
				CLANG_WARN_INT_CONVERSION = YES;
				CLANG_WARN_NON_LITERAL_NULL_CONVERSION = YES;
				CLANG_WARN_OBJC_IMPLICIT_RETAIN_SELF = YES;
				CLANG_WARN_OBJC_LITERAL_CONVERSION = YES;
				CLANG_WARN_OBJC_ROOT_CLASS = YES_ERROR;
				CLANG_WARN_RANGE_LOOP_ANALYSIS = YES;
				CLANG_WARN_STRICT_PROTOTYPES = YES;
				CLANG_WARN_SUSPICIOUS_MOVE = YES;
				CLANG_WARN_UNGUARDED_AVAILABILITY = YES_AGGRESSIVE;
				CLANG_WARN_UNREACHABLE_CODE = YES;
				CLANG_WARN__DUPLICATE_METHOD_MATCH = YES;
				COPY_PHASE_STRIP = NO;
				DEBUG_INFORMATION_FORMAT = dwarf;
				ENABLE_STRICT_OBJC_MSGSEND = YES;
				ENABLE_TESTABILITY = YES;
				GCC_C_LANGUAGE_STANDARD = gnu11;
				GCC_DYNAMIC_NO_PIC = NO;
				GCC_NO_COMMON_BLOCKS = YES;
				GCC_OPTIMIZATION_LEVEL = 0;
				GCC_PREPROCESSOR_DEFINITIONS = (
					"DEBUG=1",
					"$(inherited)",
				);
				GCC_WARN_64_TO_32_BIT_CONVERSION = YES;
				GCC_WARN_ABOUT_RETURN_TYPE = YES_ERROR;
				GCC_WARN_UNDECLARED_SELECTOR = YES;
				GCC_WARN_UNINITIALIZED_AUTOS = YES_AGGRESSIVE;
				GCC_WARN_UNUSED_FUNCTION = YES;
				GCC_WARN_UNUSED_VARIABLE = YES;
				IPHONEOS_DEPLOYMENT_TARGET = 13.5;
				MTL_ENABLE_DEBUG_INFO = INCLUDE_SOURCE;
				MTL_FAST_MATH = YES;
				ONLY_ACTIVE_ARCH = YES;
				SDKROOT = iphoneos;
				SWIFT_ACTIVE_COMPILATION_CONDITIONS = DEBUG;
				SWIFT_OPTIMIZATION_LEVEL = "-Onone";
			};
			name = Debug;
		};
		A0C287A1250EBDFB002342FB /* Release */ = {
			isa = XCBuildConfiguration;
			buildSettings = {
				ALWAYS_SEARCH_USER_PATHS = NO;
				CLANG_ANALYZER_NONNULL = YES;
				CLANG_ANALYZER_NUMBER_OBJECT_CONVERSION = YES_AGGRESSIVE;
				CLANG_CXX_LANGUAGE_STANDARD = "gnu++14";
				CLANG_CXX_LIBRARY = "libc++";
				CLANG_ENABLE_MODULES = YES;
				CLANG_ENABLE_OBJC_ARC = YES;
				CLANG_ENABLE_OBJC_WEAK = YES;
				CLANG_WARN_BLOCK_CAPTURE_AUTORELEASING = YES;
				CLANG_WARN_BOOL_CONVERSION = YES;
				CLANG_WARN_COMMA = YES;
				CLANG_WARN_CONSTANT_CONVERSION = YES;
				CLANG_WARN_DEPRECATED_OBJC_IMPLEMENTATIONS = YES;
				CLANG_WARN_DIRECT_OBJC_ISA_USAGE = YES_ERROR;
				CLANG_WARN_DOCUMENTATION_COMMENTS = YES;
				CLANG_WARN_EMPTY_BODY = YES;
				CLANG_WARN_ENUM_CONVERSION = YES;
				CLANG_WARN_INFINITE_RECURSION = YES;
				CLANG_WARN_INT_CONVERSION = YES;
				CLANG_WARN_NON_LITERAL_NULL_CONVERSION = YES;
				CLANG_WARN_OBJC_IMPLICIT_RETAIN_SELF = YES;
				CLANG_WARN_OBJC_LITERAL_CONVERSION = YES;
				CLANG_WARN_OBJC_ROOT_CLASS = YES_ERROR;
				CLANG_WARN_RANGE_LOOP_ANALYSIS = YES;
				CLANG_WARN_STRICT_PROTOTYPES = YES;
				CLANG_WARN_SUSPICIOUS_MOVE = YES;
				CLANG_WARN_UNGUARDED_AVAILABILITY = YES_AGGRESSIVE;
				CLANG_WARN_UNREACHABLE_CODE = YES;
				CLANG_WARN__DUPLICATE_METHOD_MATCH = YES;
				COPY_PHASE_STRIP = NO;
				DEBUG_INFORMATION_FORMAT = "dwarf-with-dsym";
				ENABLE_NS_ASSERTIONS = NO;
				ENABLE_STRICT_OBJC_MSGSEND = YES;
				GCC_C_LANGUAGE_STANDARD = gnu11;
				GCC_NO_COMMON_BLOCKS = YES;
				GCC_WARN_64_TO_32_BIT_CONVERSION = YES;
				GCC_WARN_ABOUT_RETURN_TYPE = YES_ERROR;
				GCC_WARN_UNDECLARED_SELECTOR = YES;
				GCC_WARN_UNINITIALIZED_AUTOS = YES_AGGRESSIVE;
				GCC_WARN_UNUSED_FUNCTION = YES;
				GCC_WARN_UNUSED_VARIABLE = YES;
				IPHONEOS_DEPLOYMENT_TARGET = 13.5;
				MTL_ENABLE_DEBUG_INFO = NO;
				MTL_FAST_MATH = YES;
				SDKROOT = iphoneos;
				SWIFT_COMPILATION_MODE = wholemodule;
				SWIFT_OPTIMIZATION_LEVEL = "-O";
				VALIDATE_PRODUCT = YES;
			};
			name = Release;
		};
		A0C287A3250EBDFB002342FB /* Debug */ = {
			isa = XCBuildConfiguration;
			buildSettings = {
				ASSETCATALOG_COMPILER_APPICON_NAME = AppIcon;
				CODE_SIGN_STYLE = Automatic;
				DEVELOPMENT_TEAM = KH4F6HHZG3;
				INFOPLIST_FILE = "K A S Leitan-COBSCCOMP191P-042/Info.plist";
				LD_RUNPATH_SEARCH_PATHS = (
					"$(inherited)",
					"@executable_path/Frameworks",
				);
				PRODUCT_BUNDLE_IDENTIFIER = "com.Assignment.K-A-S-Leitan-COBSCCOMP191P-042";
				PRODUCT_NAME = "$(TARGET_NAME)";
				SWIFT_VERSION = 5.0;
				TARGETED_DEVICE_FAMILY = "1,2";
			};
			name = Debug;
		};
		A0C287A4250EBDFB002342FB /* Release */ = {
			isa = XCBuildConfiguration;
			buildSettings = {
				ASSETCATALOG_COMPILER_APPICON_NAME = AppIcon;
				CODE_SIGN_STYLE = Automatic;
				DEVELOPMENT_TEAM = KH4F6HHZG3;
				INFOPLIST_FILE = "K A S Leitan-COBSCCOMP191P-042/Info.plist";
				LD_RUNPATH_SEARCH_PATHS = (
					"$(inherited)",
					"@executable_path/Frameworks",
				);
				PRODUCT_BUNDLE_IDENTIFIER = "com.Assignment.K-A-S-Leitan-COBSCCOMP191P-042";
				PRODUCT_NAME = "$(TARGET_NAME)";
				SWIFT_VERSION = 5.0;
				TARGETED_DEVICE_FAMILY = "1,2";
			};
			name = Release;
		};
/* End XCBuildConfiguration section */

/* Begin XCConfigurationList section */
		A0C28789250EBDF4002342FB /* Build configuration list for PBXProject "K A S Leitan-COBSCCOMP191P-042" */ = {
			isa = XCConfigurationList;
			buildConfigurations = (
				A0C287A0250EBDFB002342FB /* Debug */,
				A0C287A1250EBDFB002342FB /* Release */,
			);
			defaultConfigurationIsVisible = 0;
			defaultConfigurationName = Release;
		};
		A0C287A2250EBDFB002342FB /* Build configuration list for PBXNativeTarget "K A S Leitan-COBSCCOMP191P-042" */ = {
			isa = XCConfigurationList;
			buildConfigurations = (
				A0C287A3250EBDFB002342FB /* Debug */,
				A0C287A4250EBDFB002342FB /* Release */,
			);
			defaultConfigurationIsVisible = 0;
			defaultConfigurationName = Release;
		};
/* End XCConfigurationList section */
	};
	rootObject = A0C28786250EBDF4002342FB /* Project object */;
}
